{
  "name": "ssb-mobile-bluetooth-manager",
  "version": "2.0.17",
  "lockfileVersion": 1,
  "requires": true,
  "dependencies": {
    "defined": {
      "version": "1.0.0",
      "resolved": "https://registry.npmjs.org/defined/-/defined-1.0.0.tgz",
      "integrity": "sha1-yY2bzvdWdBiOEQlpFRGZ45sfppM="
    },
    "is-pull-stream": {
      "version": "0.0.0",
      "resolved": "https://registry.npmjs.org/is-pull-stream/-/is-pull-stream-0.0.0.tgz",
      "integrity": "sha1-o7w9HG0wVRUcRr3m85nv7SFEDKk="
    },
    "looper": {
      "version": "3.0.0",
      "resolved": "https://registry.npmjs.org/looper/-/looper-3.0.0.tgz",
      "integrity": "sha1-LvpUw7HLq6m5Su4uWRSwvlf7t0k="
    },
    "pull-json-doubleline": {
      "version": "2.0.0",
      "resolved": "https://registry.npmjs.org/pull-json-doubleline/-/pull-json-doubleline-2.0.0.tgz",
      "integrity": "sha1-WqWRgcvMtAc8FCqd1VnLRGmemqs=",
      "requires": {
        "is-pull-stream": "0.0.0",
        "pull-split": "^0.2.0",
        "pull-stream": "^3.4.5",
        "pull-stringify": "^2.0.0"
      }
    },
    "pull-split": {
      "version": "0.2.0",
      "resolved": "https://registry.npmjs.org/pull-split/-/pull-split-0.2.0.tgz",
      "integrity": "sha1-mW0ohTEFIgmoMTiK0NKB3zyCN5Y=",
      "requires": {
        "pull-through": "~1.0.6"
      }
    },
    "pull-stream": {
      "version": "3.6.9",
      "resolved": "https://registry.npmjs.org/pull-stream/-/pull-stream-3.6.9.tgz",
      "integrity": "sha512-hJn4POeBrkttshdNl0AoSCVjMVSuBwuHocMerUdoZ2+oIUzrWHFTwJMlbHND7OiKLVgvz6TFj8ZUVywUMXccbw=="
    },
    "pull-stringify": {
      "version": "2.0.0",
      "resolved": "http://registry.npmjs.org/pull-stringify/-/pull-stringify-2.0.0.tgz",
      "integrity": "sha1-Irox2pWvCIjg+1WSOLH6kVpqW2Q=",
      "requires": {
        "defined": "^1.0.0"
      }
    },
    "pull-through": {
      "version": "1.0.18",
      "resolved": "https://registry.npmjs.org/pull-through/-/pull-through-1.0.18.tgz",
      "integrity": "sha1-jdYjFCY+Wc9Qlur7sSeitu8xBzU=",
      "requires": {
        "looper": "~3.0.0"
      }
    },
    "pull-zip": {
      "version": "2.0.1",
      "resolved": "https://registry.npmjs.org/pull-zip/-/pull-zip-2.0.1.tgz",
      "integrity": "sha1-4GQc6v+WSvJ1ltqsBwDnmzgQKPU="
    },
    "stream-to-pull-stream": {
      "version": "1.7.2",
      "resolved": "https://registry.npmjs.org/stream-to-pull-stream/-/stream-to-pull-stream-1.7.2.tgz",
      "integrity": "sha1-dXYJrhzr0zx0MtSvvjH/eGULnd4=",
      "requires": {
        "looper": "^3.0.0",
        "pull-stream": "^3.2.3"
      }
    },
    "uuid": {
      "version": "3.3.2",
      "resolved": "https://registry.npmjs.org/uuid/-/uuid-3.3.2.tgz",
      "integrity": "sha512-yXJmeNaw3DnnKAOKJE51sL/ZaYfWJRl1pK9dr19YFCu0ObS231AB1/LbqTKRAQ5kw8A90rA6fr4riOUpTZvQZA=="
    }
  }
}
