{
  "name": "ssb-mobile-bluetooth-manager",
  "version": "1.0.2",
  "lockfileVersion": 1,
  "requires": true,
  "dependencies": {
    "abstract-socket": {
      "version": "2.0.0",
      "resolved": "https://registry.npmjs.org/abstract-socket/-/abstract-socket-2.0.0.tgz",
      "integrity": "sha1-2DyT598w0n4j8+gqdj5/XnjZFvk=",
      "requires": {
        "bindings": "1.3.0",
        "nan": "2.11.1"
      }
    },
    "bindings": {
      "version": "1.3.0",
      "resolved": "https://registry.npmjs.org/bindings/-/bindings-1.3.0.tgz",
      "integrity": "sha512-DpLh5EzMR2kzvX1KIlVC0VkC3iZtHKTgdtZ0a3pglBZdaQFjt5S9g9xd1lE+YvXyfd6mtCeRnrUfOLYiTMlNSw=="
    },
    "looper": {
      "version": "3.0.0",
      "resolved": "https://registry.npmjs.org/looper/-/looper-3.0.0.tgz",
      "integrity": "sha1-LvpUw7HLq6m5Su4uWRSwvlf7t0k="
    },
    "nan": {
      "version": "2.11.1",
      "resolved": "https://registry.npmjs.org/nan/-/nan-2.11.1.tgz",
      "integrity": "sha512-iji6k87OSXa0CcrLl9z+ZiYSuR2o+c0bGuNmXdrhTQTakxytAFsC56SArGYoiHlJlFoHSnvmhpceZJaXkVuOtA=="
    },
    "pull-abortable": {
      "version": "4.1.1",
      "resolved": "https://registry.npmjs.org/pull-abortable/-/pull-abortable-4.1.1.tgz",
      "integrity": "sha1-s61a77QRayWRbSbbiTk6yY0NzqE="
    },
    "pull-pushable": {
      "version": "2.2.0",
      "resolved": "https://registry.npmjs.org/pull-pushable/-/pull-pushable-2.2.0.tgz",
      "integrity": "sha1-Xy867UethpGfAbEqLpnW8b13ZYE="
    },
    "pull-stream": {
      "version": "3.6.9",
      "resolved": "https://registry.npmjs.org/pull-stream/-/pull-stream-3.6.9.tgz",
      "integrity": "sha512-hJn4POeBrkttshdNl0AoSCVjMVSuBwuHocMerUdoZ2+oIUzrWHFTwJMlbHND7OiKLVgvz6TFj8ZUVywUMXccbw=="
    },
    "stream-to-pull-stream": {
      "version": "1.7.2",
      "resolved": "https://registry.npmjs.org/stream-to-pull-stream/-/stream-to-pull-stream-1.7.2.tgz",
      "integrity": "sha1-dXYJrhzr0zx0MtSvvjH/eGULnd4=",
      "requires": {
        "looper": "3.0.0",
        "pull-stream": "3.6.9"
      }
    }
  }
}
